
Microsoft Visual Studio Solution File, Format Version 12.00
# Visual Studio 15
VisualStudioVersion = 15.0.28307.1062
MinimumVisualStudioVersion = 10.0.40219.1
Project("{FAE04EC0-301F-11D3-BF4B-00C04F79EFBC}") = "CostControlWebsite", "CostControlWebsite\CostControlWebsite.csproj", "{7FD9CEA5-BDA8-412F-8164-BE31B399AEE7}"
EndProject
Global
	GlobalSection(SolutionConfigurationPlatforms) = preSolution
		Debug|Any CPU = Debug|Any CPU
		Release|Any CPU = Release|Any CPU
	EndGlobalSection
	GlobalSection(ProjectConfigurationPlatforms) = postSolution
		{7FD9CEA5-BDA8-412F-8164-BE31B399AEE7}.Debug|Any CPU.ActiveCfg = Debug|Any CPU
		{7FD9CEA5-BDA8-412F-8164-BE31B399AEE7}.Debug|Any CPU.Build.0 = Debug|Any CPU
		{7FD9CEA5-BDA8-412F-8164-BE31B399AEE7}.Release|Any CPU.ActiveCfg = Release|Any CPU
		{7FD9CEA5-BDA8-412F-8164-BE31B399AEE7}.Release|Any CPU.Build.0 = Release|Any CPU
	EndGlobalSection
	GlobalSection(SolutionProperties) = preSolution
		HideSolutionNode = FALSE
	EndGlobalSection
	GlobalSection(ExtensibilityGlobals) = postSolution
		SolutionGuid = {F692DDF5-468B-404B-9663-755B280B15C2}
	EndGlobalSection
EndGlobal
